
Microsoft Visual Studio Solution File, Format Version 12.00
# Visual Studio Version 17
VisualStudioVersion = 17.1.32421.90
MinimumVisualStudioVersion = 10.0.40219.1
Project("{FAE04EC0-301F-11D3-BF4B-00C04F79EFBC}") = "FileEncryptor", "FileEncryptor\FileEncryptor.csproj", "{3DB7A013-F530-4253-B6A5-C4C2068FD810}"
EndProject
Global
	GlobalSection(SolutionConfigurationPlatforms) = preSolution
		Debug|Any CPU = Debug|Any CPU
		Release|Any CPU = Release|Any CPU
	EndGlobalSection
	GlobalSection(ProjectConfigurationPlatforms) = postSolution
		{3DB7A013-F530-4253-B6A5-C4C2068FD810}.Debug|Any CPU.ActiveCfg = Debug|Any CPU
		{3DB7A013-F530-4253-B6A5-C4C2068FD810}.Debug|Any CPU.Build.0 = Debug|Any CPU
		{3DB7A013-F530-4253-B6A5-C4C2068FD810}.Release|Any CPU.ActiveCfg = Release|Any CPU
		{3DB7A013-F530-4253-B6A5-C4C2068FD810}.Release|Any CPU.Build.0 = Release|Any CPU
	EndGlobalSection
	GlobalSection(SolutionProperties) = preSolution
		HideSolutionNode = FALSE
	EndGlobalSection
	GlobalSection(ExtensibilityGlobals) = postSolution
		SolutionGuid = {8FCECE42-CE34-43AC-A6E7-4BF5974B4FD3}
	EndGlobalSection
EndGlobal
